
Microsoft Visual Studio Solution File, Format Version 12.00
# Visual Studio Version 16
VisualStudioVersion = 16.0.30114.105
MinimumVisualStudioVersion = 10.0.40219.1
Project("{FAE04EC0-301F-11D3-BF4B-00C04F79EFBC}") = "Store.Domain", "Store.Domain\Store.Domain.csproj", "{B84AFCBC-471C-4FD8-85B1-30C51F18CC1C}"
EndProject
Project("{FAE04EC0-301F-11D3-BF4B-00C04F79EFBC}") = "Store.Tests", "Store.Tests\Store.Tests.csproj", "{5B0C76FB-FADB-4687-880B-10352E9C8BEB}"
EndProject
Global
	GlobalSection(SolutionConfigurationPlatforms) = preSolution
		Debug|Any CPU = Debug|Any CPU
		Release|Any CPU = Release|Any CPU
	EndGlobalSection
	GlobalSection(SolutionProperties) = preSolution
		HideSolutionNode = FALSE
	EndGlobalSection
	GlobalSection(ProjectConfigurationPlatforms) = postSolution
		{B84AFCBC-471C-4FD8-85B1-30C51F18CC1C}.Debug|Any CPU.ActiveCfg = Debug|Any CPU
		{B84AFCBC-471C-4FD8-85B1-30C51F18CC1C}.Debug|Any CPU.Build.0 = Debug|Any CPU
		{B84AFCBC-471C-4FD8-85B1-30C51F18CC1C}.Release|Any CPU.ActiveCfg = Release|Any CPU
		{B84AFCBC-471C-4FD8-85B1-30C51F18CC1C}.Release|Any CPU.Build.0 = Release|Any CPU
		{5B0C76FB-FADB-4687-880B-10352E9C8BEB}.Debug|Any CPU.ActiveCfg = Debug|Any CPU
		{5B0C76FB-FADB-4687-880B-10352E9C8BEB}.Debug|Any CPU.Build.0 = Debug|Any CPU
		{5B0C76FB-FADB-4687-880B-10352E9C8BEB}.Release|Any CPU.ActiveCfg = Release|Any CPU
		{5B0C76FB-FADB-4687-880B-10352E9C8BEB}.Release|Any CPU.Build.0 = Release|Any CPU
	EndGlobalSection
EndGlobal
